
Microsoft Visual Studio Solution File, Format Version 12.00
# Visual Studio Version 16
VisualStudioVersion = 16.0.31424.327
MinimumVisualStudioVersion = 10.0.40219.1
Project("{FAE04EC0-301F-11D3-BF4B-00C04F79EFBC}") = "DataHandle", "DataHandle\DataHandle.csproj", "{575A8A2A-1686-430C-9604-7FF61ACBDB3E}"
EndProject
Project("{FAE04EC0-301F-11D3-BF4B-00C04F79EFBC}") = "WebTestDemo", "WebTestDemo\WebTestDemo.csproj", "{5BC009B3-7CCD-414B-95F8-FFD0FCC16E64}"
EndProject
Global
	GlobalSection(SolutionConfigurationPlatforms) = preSolution
		Debug|Any CPU = Debug|Any CPU
		Release|Any CPU = Release|Any CPU
	EndGlobalSection
	GlobalSection(ProjectConfigurationPlatforms) = postSolution
		{575A8A2A-1686-430C-9604-7FF61ACBDB3E}.Debug|Any CPU.ActiveCfg = Debug|Any CPU
		{575A8A2A-1686-430C-9604-7FF61ACBDB3E}.Debug|Any CPU.Build.0 = Debug|Any CPU
		{575A8A2A-1686-430C-9604-7FF61ACBDB3E}.Release|Any CPU.ActiveCfg = Release|Any CPU
		{575A8A2A-1686-430C-9604-7FF61ACBDB3E}.Release|Any CPU.Build.0 = Release|Any CPU
		{5BC009B3-7CCD-414B-95F8-FFD0FCC16E64}.Debug|Any CPU.ActiveCfg = Debug|Any CPU
		{5BC009B3-7CCD-414B-95F8-FFD0FCC16E64}.Debug|Any CPU.Build.0 = Debug|Any CPU
		{5BC009B3-7CCD-414B-95F8-FFD0FCC16E64}.Release|Any CPU.ActiveCfg = Release|Any CPU
		{5BC009B3-7CCD-414B-95F8-FFD0FCC16E64}.Release|Any CPU.Build.0 = Release|Any CPU
	EndGlobalSection
	GlobalSection(SolutionProperties) = preSolution
		HideSolutionNode = FALSE
	EndGlobalSection
	GlobalSection(ExtensibilityGlobals) = postSolution
		SolutionGuid = {4F56447A-E20D-4441-B862-39F4D315E9C3}
	EndGlobalSection
EndGlobal
